
Microsoft Visual Studio Solution File, Format Version 12.00
# Visual Studio Version 17
VisualStudioVersion = 17.0.32014.148
MinimumVisualStudioVersion = 10.0.40219.1
Project("{2150E333-8FDC-42A3-9474-1A3956D46DE8}") = "1- Application", "1- Application", "{D5BEB474-B1E3-48FD-9F86-B2DB8D9B2978}"
EndProject
Project("{2150E333-8FDC-42A3-9474-1A3956D46DE8}") = "2-Service", "2-Service", "{E0D94F36-CF5B-4E39-A756-5CE8ACB7FD04}"
EndProject
Project("{2150E333-8FDC-42A3-9474-1A3956D46DE8}") = "3-Domain", "3-Domain", "{BCC01920-3B24-434E-AFA1-5E0B0C78F693}"
EndProject
Project("{2150E333-8FDC-42A3-9474-1A3956D46DE8}") = "4- Infra", "4- Infra", "{D0BC631A-1CD6-4C63-8498-22200AC873CB}"
EndProject
Project("{2150E333-8FDC-42A3-9474-1A3956D46DE8}") = "4.1- Data", "4.1- Data", "{742B4E77-FE7C-4599-8B4B-DEE9CD4A2C97}"
EndProject
Project("{2150E333-8FDC-42A3-9474-1A3956D46DE8}") = "4.2- CrossCutting", "4.2- CrossCutting", "{BAEEF474-E60D-466E-80E0-29418B428DA9}"
EndProject
Project("{FAE04EC0-301F-11D3-BF4B-00C04F79EFBC}") = "CrossCutting", "CrossCutting\CrossCutting.csproj", "{05DE146F-2E39-432B-82F8-ABD28C2842BC}"
EndProject
Project("{FAE04EC0-301F-11D3-BF4B-00C04F79EFBC}") = "Data", "Data\Data.csproj", "{87798F81-D4BD-43D1-9200-542CC5189817}"
EndProject
Project("{FAE04EC0-301F-11D3-BF4B-00C04F79EFBC}") = "Domain", "Domain\Domain.csproj", "{1C6AF6EA-FE09-4475-AE23-6608C5AD69CA}"
EndProject
Project("{FAE04EC0-301F-11D3-BF4B-00C04F79EFBC}") = "Service", "Service\Service.csproj", "{C403323F-2459-4364-867E-2FFB625540DB}"
EndProject
Project("{FAE04EC0-301F-11D3-BF4B-00C04F79EFBC}") = "WebApi", "WebApi\WebApi.csproj", "{1B4961DA-9367-4396-858D-6AC58E41502F}"
EndProject
Project("{2150E333-8FDC-42A3-9474-1A3956D46DE8}") = "5- Testes", "5- Testes", "{0634624A-593F-46C3-A948-EC85C7F1B6C1}"
EndProject
Global
	GlobalSection(SolutionConfigurationPlatforms) = preSolution
		Debug|Any CPU = Debug|Any CPU
		Release|Any CPU = Release|Any CPU
	EndGlobalSection
	GlobalSection(ProjectConfigurationPlatforms) = postSolution
		{05DE146F-2E39-432B-82F8-ABD28C2842BC}.Debug|Any CPU.ActiveCfg = Debug|Any CPU
		{05DE146F-2E39-432B-82F8-ABD28C2842BC}.Debug|Any CPU.Build.0 = Debug|Any CPU
		{05DE146F-2E39-432B-82F8-ABD28C2842BC}.Release|Any CPU.ActiveCfg = Release|Any CPU
		{05DE146F-2E39-432B-82F8-ABD28C2842BC}.Release|Any CPU.Build.0 = Release|Any CPU
		{87798F81-D4BD-43D1-9200-542CC5189817}.Debug|Any CPU.ActiveCfg = Debug|Any CPU
		{87798F81-D4BD-43D1-9200-542CC5189817}.Debug|Any CPU.Build.0 = Debug|Any CPU
		{87798F81-D4BD-43D1-9200-542CC5189817}.Release|Any CPU.ActiveCfg = Release|Any CPU
		{87798F81-D4BD-43D1-9200-542CC5189817}.Release|Any CPU.Build.0 = Release|Any CPU
		{1C6AF6EA-FE09-4475-AE23-6608C5AD69CA}.Debug|Any CPU.ActiveCfg = Debug|Any CPU
		{1C6AF6EA-FE09-4475-AE23-6608C5AD69CA}.Debug|Any CPU.Build.0 = Debug|Any CPU
		{1C6AF6EA-FE09-4475-AE23-6608C5AD69CA}.Release|Any CPU.ActiveCfg = Release|Any CPU
		{1C6AF6EA-FE09-4475-AE23-6608C5AD69CA}.Release|Any CPU.Build.0 = Release|Any CPU
		{C403323F-2459-4364-867E-2FFB625540DB}.Debug|Any CPU.ActiveCfg = Debug|Any CPU
		{C403323F-2459-4364-867E-2FFB625540DB}.Debug|Any CPU.Build.0 = Debug|Any CPU
		{C403323F-2459-4364-867E-2FFB625540DB}.Release|Any CPU.ActiveCfg = Release|Any CPU
		{C403323F-2459-4364-867E-2FFB625540DB}.Release|Any CPU.Build.0 = Release|Any CPU
		{1B4961DA-9367-4396-858D-6AC58E41502F}.Debug|Any CPU.ActiveCfg = Debug|Any CPU
		{1B4961DA-9367-4396-858D-6AC58E41502F}.Debug|Any CPU.Build.0 = Debug|Any CPU
		{1B4961DA-9367-4396-858D-6AC58E41502F}.Release|Any CPU.ActiveCfg = Release|Any CPU
		{1B4961DA-9367-4396-858D-6AC58E41502F}.Release|Any CPU.Build.0 = Release|Any CPU
	EndGlobalSection
	GlobalSection(SolutionProperties) = preSolution
		HideSolutionNode = FALSE
	EndGlobalSection
	GlobalSection(NestedProjects) = preSolution
		{742B4E77-FE7C-4599-8B4B-DEE9CD4A2C97} = {D0BC631A-1CD6-4C63-8498-22200AC873CB}
		{BAEEF474-E60D-466E-80E0-29418B428DA9} = {D0BC631A-1CD6-4C63-8498-22200AC873CB}
		{05DE146F-2E39-432B-82F8-ABD28C2842BC} = {BAEEF474-E60D-466E-80E0-29418B428DA9}
		{87798F81-D4BD-43D1-9200-542CC5189817} = {742B4E77-FE7C-4599-8B4B-DEE9CD4A2C97}
		{1C6AF6EA-FE09-4475-AE23-6608C5AD69CA} = {BCC01920-3B24-434E-AFA1-5E0B0C78F693}
		{C403323F-2459-4364-867E-2FFB625540DB} = {E0D94F36-CF5B-4E39-A756-5CE8ACB7FD04}
		{1B4961DA-9367-4396-858D-6AC58E41502F} = {D5BEB474-B1E3-48FD-9F86-B2DB8D9B2978}
	EndGlobalSection
	GlobalSection(ExtensibilityGlobals) = postSolution
		SolutionGuid = {99A7ED92-7B10-448F-B1A5-157814B32EB2}
	EndGlobalSection
EndGlobal
